// !$*UTF8*$!
{
	archiveVersion = 1;
	classes = {
	};
	objectVersion = 55;
	objects = {

/* Begin PBXBuildFile section */
		3302672F28165A3D00049DF7 /* FeedResponse.swift in Sources */ = {isa = PBXBuildFile; fileRef = 3302672E28165A3C00049DF7 /* FeedResponse.swift */; };
		3333EAF22815F2CD00FE83E6 /* AppDelegate.swift in Sources */ = {isa = PBXBuildFile; fileRef = 3333EAF12815F2CD00FE83E6 /* AppDelegate.swift */; };
		3333EAF42815F2CD00FE83E6 /* SceneDelegate.swift in Sources */ = {isa = PBXBuildFile; fileRef = 3333EAF32815F2CD00FE83E6 /* SceneDelegate.swift */; };
		3333EAF62815F2CD00FE83E6 /* ViewController.swift in Sources */ = {isa = PBXBuildFile; fileRef = 3333EAF52815F2CD00FE83E6 /* ViewController.swift */; };
		3333EAFB2815F2D200FE83E6 /* Assets.xcassets in Resources */ = {isa = PBXBuildFile; fileRef = 3333EAFA2815F2D200FE83E6 /* Assets.xcassets */; };
		3333EAFE2815F2D200FE83E6 /* LaunchScreen.storyboard in Resources */ = {isa = PBXBuildFile; fileRef = 3333EAFC2815F2D200FE83E6 /* LaunchScreen.storyboard */; };
		3333EB062816023A00FE83E6 /* ParamsServices.swift in Sources */ = {isa = PBXBuildFile; fileRef = 3333EB052816023A00FE83E6 /* ParamsServices.swift */; };
		3333EB082816076D00FE83E6 /* SignupResponse.swift in Sources */ = {isa = PBXBuildFile; fileRef = 3333EB072816076D00FE83E6 /* SignupResponse.swift */; };
		3333EB0A2816113400FE83E6 /* ApiLayer.swift in Sources */ = {isa = PBXBuildFile; fileRef = 3333EB092816113400FE83E6 /* ApiLayer.swift */; };
		3333EB0C281617A300FE83E6 /* Enpoints.swift in Sources */ = {isa = PBXBuildFile; fileRef = 3333EB0B281617A300FE83E6 /* Enpoints.swift */; };
		333D1B042816234400119BB6 /* ViewController2.swift in Sources */ = {isa = PBXBuildFile; fileRef = 333D1B032816234400119BB6 /* ViewController2.swift */; };
		8AE83B0E4B59EB72F2BF9C80 /* Pods_IdWallLogin.framework in Frameworks */ = {isa = PBXBuildFile; fileRef = 129896A7DF88BDAECD625A57 /* Pods_IdWallLogin.framework */; };
/* End PBXBuildFile section */

/* Begin PBXFileReference section */
		129896A7DF88BDAECD625A57 /* Pods_IdWallLogin.framework */ = {isa = PBXFileReference; explicitFileType = wrapper.framework; includeInIndex = 0; path = Pods_IdWallLogin.framework; sourceTree = BUILT_PRODUCTS_DIR; };
		3302672E28165A3C00049DF7 /* FeedResponse.swift */ = {isa = PBXFileReference; lastKnownFileType = sourcecode.swift; path = FeedResponse.swift; sourceTree = "<group>"; };
		3333EAEE2815F2CD00FE83E6 /* IdWallLogin.app */ = {isa = PBXFileReference; explicitFileType = wrapper.application; includeInIndex = 0; path = IdWallLogin.app; sourceTree = BUILT_PRODUCTS_DIR; };
		3333EAF12815F2CD00FE83E6 /* AppDelegate.swift */ = {isa = PBXFileReference; lastKnownFileType = sourcecode.swift; path = AppDelegate.swift; sourceTree = "<group>"; };
		3333EAF32815F2CD00FE83E6 /* SceneDelegate.swift */ = {isa = PBXFileReference; lastKnownFileType = sourcecode.swift; path = SceneDelegate.swift; sourceTree = "<group>"; };
		3333EAF52815F2CD00FE83E6 /* ViewController.swift */ = {isa = PBXFileReference; lastKnownFileType = sourcecode.swift; path = ViewController.swift; sourceTree = "<group>"; };
		3333EAFA2815F2D200FE83E6 /* Assets.xcassets */ = {isa = PBXFileReference; lastKnownFileType = folder.assetcatalog; path = Assets.xcassets; sourceTree = "<group>"; };
		3333EAFD2815F2D200FE83E6 /* Base */ = {isa = PBXFileReference; lastKnownFileType = file.storyboard; name = Base; path = Base.lproj/LaunchScreen.storyboard; sourceTree = "<group>"; };
		3333EAFF2815F2D200FE83E6 /* Info.plist */ = {isa = PBXFileReference; lastKnownFileType = text.plist.xml; path = Info.plist; sourceTree = "<group>"; };
		3333EB052816023A00FE83E6 /* ParamsServices.swift */ = {isa = PBXFileReference; lastKnownFileType = sourcecode.swift; path = ParamsServices.swift; sourceTree = "<group>"; };
		3333EB072816076D00FE83E6 /* SignupResponse.swift */ = {isa = PBXFileReference; lastKnownFileType = sourcecode.swift; path = SignupResponse.swift; sourceTree = "<group>"; };
		3333EB092816113400FE83E6 /* ApiLayer.swift */ = {isa = PBXFileReference; lastKnownFileType = sourcecode.swift; path = ApiLayer.swift; sourceTree = "<group>"; };
		3333EB0B281617A300FE83E6 /* Enpoints.swift */ = {isa = PBXFileReference; lastKnownFileType = sourcecode.swift; path = Enpoints.swift; sourceTree = "<group>"; };
		333D1B032816234400119BB6 /* ViewController2.swift */ = {isa = PBXFileReference; lastKnownFileType = sourcecode.swift; path = ViewController2.swift; sourceTree = "<group>"; };
		65BC456B7B9FF03E69FA6EC0 /* Pods-IdWallLogin.debug.xcconfig */ = {isa = PBXFileReference; includeInIndex = 1; lastKnownFileType = text.xcconfig; name = "Pods-IdWallLogin.debug.xcconfig"; path = "Target Support Files/Pods-IdWallLogin/Pods-IdWallLogin.debug.xcconfig"; sourceTree = "<group>"; };
		CA370B9088972A3E13E79455 /* Pods-IdWallLogin.release.xcconfig */ = {isa = PBXFileReference; includeInIndex = 1; lastKnownFileType = text.xcconfig; name = "Pods-IdWallLogin.release.xcconfig"; path = "Target Support Files/Pods-IdWallLogin/Pods-IdWallLogin.release.xcconfig"; sourceTree = "<group>"; };
/* End PBXFileReference section */

/* Begin PBXFrameworksBuildPhase section */
		3333EAEB2815F2CC00FE83E6 /* Frameworks */ = {
			isa = PBXFrameworksBuildPhase;
			buildActionMask = 2147483647;
			files = (
				8AE83B0E4B59EB72F2BF9C80 /* Pods_IdWallLogin.framework in Frameworks */,
			);
			runOnlyForDeploymentPostprocessing = 0;
		};
/* End PBXFrameworksBuildPhase section */

/* Begin PBXGroup section */
		3333EAE52815F2CC00FE83E6 = {
			isa = PBXGroup;
			children = (
				3333EAF02815F2CD00FE83E6 /* IdWallLogin */,
				3333EAEF2815F2CD00FE83E6 /* Products */,
				6137442324C5D2C5BD037F8E /* Pods */,
				8E32401FBF371434EEFC65C1 /* Frameworks */,
			);
			sourceTree = "<group>";
		};
		3333EAEF2815F2CD00FE83E6 /* Products */ = {
			isa = PBXGroup;
			children = (
				3333EAEE2815F2CD00FE83E6 /* IdWallLogin.app */,
			);
			name = Products;
			sourceTree = "<group>";
		};
		3333EAF02815F2CD00FE83E6 /* IdWallLogin */ = {
			isa = PBXGroup;
			children = (
				3333EAF12815F2CD00FE83E6 /* AppDelegate.swift */,
				3333EAF32815F2CD00FE83E6 /* SceneDelegate.swift */,
				333D1B032816234400119BB6 /* ViewController2.swift */,
				3333EAF52815F2CD00FE83E6 /* ViewController.swift */,
				3333EB092816113400FE83E6 /* ApiLayer.swift */,
				3333EB072816076D00FE83E6 /* SignupResponse.swift */,
				3302672E28165A3C00049DF7 /* FeedResponse.swift */,
				3333EB052816023A00FE83E6 /* ParamsServices.swift */,
				3333EB0B281617A300FE83E6 /* Enpoints.swift */,
				3333EAFA2815F2D200FE83E6 /* Assets.xcassets */,
				3333EAFC2815F2D200FE83E6 /* LaunchScreen.storyboard */,
				3333EAFF2815F2D200FE83E6 /* Info.plist */,
			);
			path = IdWallLogin;
			sourceTree = "<group>";
		};
		6137442324C5D2C5BD037F8E /* Pods */ = {
			isa = PBXGroup;
			children = (
				65BC456B7B9FF03E69FA6EC0 /* Pods-IdWallLogin.debug.xcconfig */,
				CA370B9088972A3E13E79455 /* Pods-IdWallLogin.release.xcconfig */,
			);
			path = Pods;
			sourceTree = "<group>";
		};
		8E32401FBF371434EEFC65C1 /* Frameworks */ = {
			isa = PBXGroup;
			children = (
				129896A7DF88BDAECD625A57 /* Pods_IdWallLogin.framework */,
			);
			name = Frameworks;
			sourceTree = "<group>";
		};
/* End PBXGroup section */

/* Begin PBXNativeTarget section */
		3333EAED2815F2CC00FE83E6 /* IdWallLogin */ = {
			isa = PBXNativeTarget;
			buildConfigurationList = 3333EB022815F2D200FE83E6 /* Build configuration list for PBXNativeTarget "IdWallLogin" */;
			buildPhases = (
				1869A56905AEE8B6D69D319C /* [CP] Check Pods Manifest.lock */,
				3333EAEA2815F2CC00FE83E6 /* Sources */,
				3333EAEB2815F2CC00FE83E6 /* Frameworks */,
				3333EAEC2815F2CC00FE83E6 /* Resources */,
			);
			buildRules = (
			);
			dependencies = (
			);
			name = IdWallLogin;
			productName = IdWallLogin;
			productReference = 3333EAEE2815F2CD00FE83E6 /* IdWallLogin.app */;
			productType = "com.apple.product-type.application";
		};
/* End PBXNativeTarget section */

/* Begin PBXProject section */
		3333EAE62815F2CC00FE83E6 /* Project object */ = {
			isa = PBXProject;
			attributes = {
				BuildIndependentTargetsInParallel = 1;
				LastSwiftUpdateCheck = 1330;
				LastUpgradeCheck = 1330;
				TargetAttributes = {
					3333EAED2815F2CC00FE83E6 = {
						CreatedOnToolsVersion = 13.3;
					};
				};
			};
			buildConfigurationList = 3333EAE92815F2CC00FE83E6 /* Build configuration list for PBXProject "IdWallLogin" */;
			compatibilityVersion = "Xcode 13.0";
			developmentRegion = en;
			hasScannedForEncodings = 0;
			knownRegions = (
				en,
				Base,
			);
			mainGroup = 3333EAE52815F2CC00FE83E6;
			productRefGroup = 3333EAEF2815F2CD00FE83E6 /* Products */;
			projectDirPath = "";
			projectRoot = "";
			targets = (
				3333EAED2815F2CC00FE83E6 /* IdWallLogin */,
			);
		};
/* End PBXProject section */

/* Begin PBXResourcesBuildPhase section */
		3333EAEC2815F2CC00FE83E6 /* Resources */ = {
			isa = PBXResourcesBuildPhase;
			buildActionMask = 2147483647;
			files = (
				3333EAFE2815F2D200FE83E6 /* LaunchScreen.storyboard in Resources */,
				3333EAFB2815F2D200FE83E6 /* Assets.xcassets in Resources */,
			);
			runOnlyForDeploymentPostprocessing = 0;
		};
/* End PBXResourcesBuildPhase section */

/* Begin PBXShellScriptBuildPhase section */
		1869A56905AEE8B6D69D319C /* [CP] Check Pods Manifest.lock */ = {
			isa = PBXShellScriptBuildPhase;
			buildActionMask = 2147483647;
			files = (
			);
			inputFileListPaths = (
			);
			inputPaths = (
				"${PODS_PODFILE_DIR_PATH}/Podfile.lock",
				"${PODS_ROOT}/Manifest.lock",
			);
			name = "[CP] Check Pods Manifest.lock";
			outputFileListPaths = (
			);
			outputPaths = (
				"$(DERIVED_FILE_DIR)/Pods-IdWallLogin-checkManifestLockResult.txt",
			);
			runOnlyForDeploymentPostprocessing = 0;
			shellPath = /bin/sh;
			shellScript = "diff \"${PODS_PODFILE_DIR_PATH}/Podfile.lock\" \"${PODS_ROOT}/Manifest.lock\" > /dev/null\nif [ $? != 0 ] ; then\n    # print error to STDERR\n    echo \"error: The sandbox is not in sync with the Podfile.lock. Run 'pod install' or update your CocoaPods installation.\" >&2\n    exit 1\nfi\n# This output is used by Xcode 'outputs' to avoid re-running this script phase.\necho \"SUCCESS\" > \"${SCRIPT_OUTPUT_FILE_0}\"\n";
			showEnvVarsInLog = 0;
		};
/* End PBXShellScriptBuildPhase section */

/* Begin PBXSourcesBuildPhase section */
		3333EAEA2815F2CC00FE83E6 /* Sources */ = {
			isa = PBXSourcesBuildPhase;
			buildActionMask = 2147483647;
			files = (
				3333EAF62815F2CD00FE83E6 /* ViewController.swift in Sources */,
				333D1B042816234400119BB6 /* ViewController2.swift in Sources */,
				3333EB0C281617A300FE83E6 /* Enpoints.swift in Sources */,
				3333EAF22815F2CD00FE83E6 /* AppDelegate.swift in Sources */,
				3333EB0A2816113400FE83E6 /* ApiLayer.swift in Sources */,
				3333EAF42815F2CD00FE83E6 /* SceneDelegate.swift in Sources */,
				3333EB062816023A00FE83E6 /* ParamsServices.swift in Sources */,
				3302672F28165A3D00049DF7 /* FeedResponse.swift in Sources */,
				3333EB082816076D00FE83E6 /* SignupResponse.swift in Sources */,
			);
			runOnlyForDeploymentPostprocessing = 0;
		};
/* End PBXSourcesBuildPhase section */

/* Begin PBXVariantGroup section */
		3333EAFC2815F2D200FE83E6 /* LaunchScreen.storyboard */ = {
			isa = PBXVariantGroup;
			children = (
				3333EAFD2815F2D200FE83E6 /* Base */,
			);
			name = LaunchScreen.storyboard;
			sourceTree = "<group>";
		};
/* End PBXVariantGroup section */

/* Begin XCBuildConfiguration section */
		3333EB002815F2D200FE83E6 /* Debug */ = {
			isa = XCBuildConfiguration;
			buildSettings = {
				ALWAYS_SEARCH_USER_PATHS = NO;
				CLANG_ANALYZER_NONNULL = YES;
				CLANG_ANALYZER_NUMBER_OBJECT_CONVERSION = YES_AGGRESSIVE;
				CLANG_CXX_LANGUAGE_STANDARD = "gnu++17";
				CLANG_ENABLE_MODULES = YES;
				CLANG_ENABLE_OBJC_ARC = YES;
				CLANG_ENABLE_OBJC_WEAK = YES;
				CLANG_WARN_BLOCK_CAPTURE_AUTORELEASING = YES;
				CLANG_WARN_BOOL_CONVERSION = YES;
				CLANG_WARN_COMMA = YES;
				CLANG_WARN_CONSTANT_CONVERSION = YES;
				CLANG_WARN_DEPRECATED_OBJC_IMPLEMENTATIONS = YES;
				CLANG_WARN_DIRECT_OBJC_ISA_USAGE = YES_ERROR;
				CLANG_WARN_DOCUMENTATION_COMMENTS = YES;
				CLANG_WARN_EMPTY_BODY = YES;
				CLANG_WARN_ENUM_CONVERSION = YES;
				CLANG_WARN_INFINITE_RECURSION = YES;
				CLANG_WARN_INT_CONVERSION = YES;
				CLANG_WARN_NON_LITERAL_NULL_CONVERSION = YES;
				CLANG_WARN_OBJC_IMPLICIT_RETAIN_SELF = YES;
				CLANG_WARN_OBJC_LITERAL_CONVERSION = YES;
				CLANG_WARN_OBJC_ROOT_CLASS = YES_ERROR;
				CLANG_WARN_QUOTED_INCLUDE_IN_FRAMEWORK_HEADER = YES;
				CLANG_WARN_RANGE_LOOP_ANALYSIS = YES;
				CLANG_WARN_STRICT_PROTOTYPES = YES;
				CLANG_WARN_SUSPICIOUS_MOVE = YES;
				CLANG_WARN_UNGUARDED_AVAILABILITY = YES_AGGRESSIVE;
				CLANG_WARN_UNREACHABLE_CODE = YES;
				CLANG_WARN__DUPLICATE_METHOD_MATCH = YES;
				COPY_PHASE_STRIP = NO;
				DEBUG_INFORMATION_FORMAT = dwarf;
				ENABLE_STRICT_OBJC_MSGSEND = YES;
				ENABLE_TESTABILITY = YES;
				GCC_C_LANGUAGE_STANDARD = gnu11;
				GCC_DYNAMIC_NO_PIC = NO;
				GCC_NO_COMMON_BLOCKS = YES;
				GCC_OPTIMIZATION_LEVEL = 0;
				GCC_PREPROCESSOR_DEFINITIONS = (
					"DEBUG=1",
					"$(inherited)",
				);
				GCC_WARN_64_TO_32_BIT_CONVERSION = YES;
				GCC_WARN_ABOUT_RETURN_TYPE = YES_ERROR;
				GCC_WARN_UNDECLARED_SELECTOR = YES;
				GCC_WARN_UNINITIALIZED_AUTOS = YES_AGGRESSIVE;
				GCC_WARN_UNUSED_FUNCTION = YES;
				GCC_WARN_UNUSED_VARIABLE = YES;
				IPHONEOS_DEPLOYMENT_TARGET = 15.4;
				MTL_ENABLE_DEBUG_INFO = INCLUDE_SOURCE;
				MTL_FAST_MATH = YES;
				ONLY_ACTIVE_ARCH = YES;
				SDKROOT = iphoneos;
				SWIFT_ACTIVE_COMPILATION_CONDITIONS = DEBUG;
				SWIFT_OPTIMIZATION_LEVEL = "-Onone";
			};
			name = Debug;
		};
		3333EB012815F2D200FE83E6 /* Release */ = {
			isa = XCBuildConfiguration;
			buildSettings = {
				ALWAYS_SEARCH_USER_PATHS = NO;
				CLANG_ANALYZER_NONNULL = YES;
				CLANG_ANALYZER_NUMBER_OBJECT_CONVERSION = YES_AGGRESSIVE;
				CLANG_CXX_LANGUAGE_STANDARD = "gnu++17";
				CLANG_ENABLE_MODULES = YES;
				CLANG_ENABLE_OBJC_ARC = YES;
				CLANG_ENABLE_OBJC_WEAK = YES;
				CLANG_WARN_BLOCK_CAPTURE_AUTORELEASING = YES;
				CLANG_WARN_BOOL_CONVERSION = YES;
				CLANG_WARN_COMMA = YES;
				CLANG_WARN_CONSTANT_CONVERSION = YES;
				CLANG_WARN_DEPRECATED_OBJC_IMPLEMENTATIONS = YES;
				CLANG_WARN_DIRECT_OBJC_ISA_USAGE = YES_ERROR;
				CLANG_WARN_DOCUMENTATION_COMMENTS = YES;
				CLANG_WARN_EMPTY_BODY = YES;
				CLANG_WARN_ENUM_CONVERSION = YES;
				CLANG_WARN_INFINITE_RECURSION = YES;
				CLANG_WARN_INT_CONVERSION = YES;
				CLANG_WARN_NON_LITERAL_NULL_CONVERSION = YES;
				CLANG_WARN_OBJC_IMPLICIT_RETAIN_SELF = YES;
				CLANG_WARN_OBJC_LITERAL_CONVERSION = YES;
				CLANG_WARN_OBJC_ROOT_CLASS = YES_ERROR;
				CLANG_WARN_QUOTED_INCLUDE_IN_FRAMEWORK_HEADER = YES;
				CLANG_WARN_RANGE_LOOP_ANALYSIS = YES;
				CLANG_WARN_STRICT_PROTOTYPES = YES;
				CLANG_WARN_SUSPICIOUS_MOVE = YES;
				CLANG_WARN_UNGUARDED_AVAILABILITY = YES_AGGRESSIVE;
				CLANG_WARN_UNREACHABLE_CODE = YES;
				CLANG_WARN__DUPLICATE_METHOD_MATCH = YES;
				COPY_PHASE_STRIP = NO;
				DEBUG_INFORMATION_FORMAT = "dwarf-with-dsym";
				ENABLE_NS_ASSERTIONS = NO;
				ENABLE_STRICT_OBJC_MSGSEND = YES;
				GCC_C_LANGUAGE_STANDARD = gnu11;
				GCC_NO_COMMON_BLOCKS = YES;
				GCC_WARN_64_TO_32_BIT_CONVERSION = YES;
				GCC_WARN_ABOUT_RETURN_TYPE = YES_ERROR;
				GCC_WARN_UNDECLARED_SELECTOR = YES;
				GCC_WARN_UNINITIALIZED_AUTOS = YES_AGGRESSIVE;
				GCC_WARN_UNUSED_FUNCTION = YES;
				GCC_WARN_UNUSED_VARIABLE = YES;
				IPHONEOS_DEPLOYMENT_TARGET = 15.4;
				MTL_ENABLE_DEBUG_INFO = NO;
				MTL_FAST_MATH = YES;
				SDKROOT = iphoneos;
				SWIFT_COMPILATION_MODE = wholemodule;
				SWIFT_OPTIMIZATION_LEVEL = "-O";
				VALIDATE_PRODUCT = YES;
			};
			name = Release;
		};
		3333EB032815F2D200FE83E6 /* Debug */ = {
			isa = XCBuildConfiguration;
			baseConfigurationReference = 65BC456B7B9FF03E69FA6EC0 /* Pods-IdWallLogin.debug.xcconfig */;
			buildSettings = {
				ASSETCATALOG_COMPILER_APPICON_NAME = AppIcon;
				ASSETCATALOG_COMPILER_GLOBAL_ACCENT_COLOR_NAME = AccentColor;
				CODE_SIGN_STYLE = Automatic;
				CURRENT_PROJECT_VERSION = 1;
				DEVELOPMENT_TEAM = 892B3KPQQ5;
				GENERATE_INFOPLIST_FILE = YES;
				INFOPLIST_FILE = IdWallLogin/Info.plist;
				INFOPLIST_KEY_UIApplicationSupportsIndirectInputEvents = YES;
				INFOPLIST_KEY_UILaunchStoryboardName = LaunchScreen;
				INFOPLIST_KEY_UISupportedInterfaceOrientations_iPad = "UIInterfaceOrientationPortrait UIInterfaceOrientationPortraitUpsideDown UIInterfaceOrientationLandscapeLeft UIInterfaceOrientationLandscapeRight";
				INFOPLIST_KEY_UISupportedInterfaceOrientations_iPhone = "UIInterfaceOrientationPortrait UIInterfaceOrientationLandscapeLeft UIInterfaceOrientationLandscapeRight";
				LD_RUNPATH_SEARCH_PATHS = (
					"$(inherited)",
					"@executable_path/Frameworks",
				);
				MARKETING_VERSION = 1.0;
				PRODUCT_BUNDLE_IDENTIFIER = br.com.adauto.IdWallLogin;
				PRODUCT_NAME = "$(TARGET_NAME)";
				SWIFT_EMIT_LOC_STRINGS = YES;
				SWIFT_VERSION = 5.0;
				TARGETED_DEVICE_FAMILY = "1,2";
			};
			name = Debug;
		};
		3333EB042815F2D200FE83E6 /* Release */ = {
			isa = XCBuildConfiguration;
			baseConfigurationReference = CA370B9088972A3E13E79455 /* Pods-IdWallLogin.release.xcconfig */;
			buildSettings = {
				ASSETCATALOG_COMPILER_APPICON_NAME = AppIcon;
				ASSETCATALOG_COMPILER_GLOBAL_ACCENT_COLOR_NAME = AccentColor;
				CODE_SIGN_STYLE = Automatic;
				CURRENT_PROJECT_VERSION = 1;
				DEVELOPMENT_TEAM = 892B3KPQQ5;
				GENERATE_INFOPLIST_FILE = YES;
				INFOPLIST_FILE = IdWallLogin/Info.plist;
				INFOPLIST_KEY_UIApplicationSupportsIndirectInputEvents = YES;
				INFOPLIST_KEY_UILaunchStoryboardName = LaunchScreen;
				INFOPLIST_KEY_UISupportedInterfaceOrientations_iPad = "UIInterfaceOrientationPortrait UIInterfaceOrientationPortraitUpsideDown UIInterfaceOrientationLandscapeLeft UIInterfaceOrientationLandscapeRight";
				INFOPLIST_KEY_UISupportedInterfaceOrientations_iPhone = "UIInterfaceOrientationPortrait UIInterfaceOrientationLandscapeLeft UIInterfaceOrientationLandscapeRight";
				LD_RUNPATH_SEARCH_PATHS = (
					"$(inherited)",
					"@executable_path/Frameworks",
				);
				MARKETING_VERSION = 1.0;
				PRODUCT_BUNDLE_IDENTIFIER = br.com.adauto.IdWallLogin;
				PRODUCT_NAME = "$(TARGET_NAME)";
				SWIFT_EMIT_LOC_STRINGS = YES;
				SWIFT_VERSION = 5.0;
				TARGETED_DEVICE_FAMILY = "1,2";
			};
			name = Release;
		};
/* End XCBuildConfiguration section */

/* Begin XCConfigurationList section */
		3333EAE92815F2CC00FE83E6 /* Build configuration list for PBXProject "IdWallLogin" */ = {
			isa = XCConfigurationList;
			buildConfigurations = (
				3333EB002815F2D200FE83E6 /* Debug */,
				3333EB012815F2D200FE83E6 /* Release */,
			);
			defaultConfigurationIsVisible = 0;
			defaultConfigurationName = Release;
		};
		3333EB022815F2D200FE83E6 /* Build configuration list for PBXNativeTarget "IdWallLogin" */ = {
			isa = XCConfigurationList;
			buildConfigurations = (
				3333EB032815F2D200FE83E6 /* Debug */,
				3333EB042815F2D200FE83E6 /* Release */,
			);
			defaultConfigurationIsVisible = 0;
			defaultConfigurationName = Release;
		};
/* End XCConfigurationList section */
	};
	rootObject = 3333EAE62815F2CC00FE83E6 /* Project object */;
}
